
Microsoft Visual Studio Solution File, Format Version 12.00
Project("{FAE04EC0-301F-11D3-BF4B-00C04F79EFBC}") = "RPG.Engine", "RPG.Engine\RPG.Engine.csproj", "{B58E900E-6D75-4932-9C90-533E63672CD3}"
EndProject
Project("{FAE04EC0-301F-11D3-BF4B-00C04F79EFBC}") = "SampleGame.Desktop", "SampleGame.Desktop\SampleGame.Desktop.csproj", "{24EFB7D7-584A-4825-9428-7377F2F48DC9}"
EndProject
Project("{2150E333-8FDC-42A3-9474-1A3956D46DE8}") = "Engine", "Engine", "{0F416AD7-BD09-4D9C-B49E-8D4452968305}"
EndProject
Project("{2150E333-8FDC-42A3-9474-1A3956D46DE8}") = "Editor", "Editor", "{5BDBAB38-3CC6-4422-8A0D-AE5DDE99F647}"
EndProject
Project("{FAE04EC0-301F-11D3-BF4B-00C04F79EFBC}") = "SampleGame.Android", "SampleGame.Android\SampleGame.Android.csproj", "{8567C9D4-4A7D-49D5-AC9C-835612E7FD8C}"
EndProject
Project("{FAE04EC0-301F-11D3-BF4B-00C04F79EFBC}") = "RPG.Editor", "RPG.Editor\RPG.Editor.csproj", "{0A52734D-F5DC-40A1-936E-A0DD976A85FD}"
EndProject
Project("{FAE04EC0-301F-11D3-BF4B-00C04F79EFBC}") = "SampleGame.Project", "SampleGame.Project\SampleGame.Project.csproj", "{883838F5-32C6-4352-95D8-90C6019DED59}"
EndProject
Project("{2150E333-8FDC-42A3-9474-1A3956D46DE8}") = "Modules", "Modules", "{42B99D8A-5F8A-4BD7-AB8A-AB18DD4FE624}"
EndProject
Project("{FAE04EC0-301F-11D3-BF4B-00C04F79EFBC}") = "Module.SDL2", "Module.SDL2\Module.SDL2.csproj", "{AF986368-DAB6-4559-AC28-9F575BD83AF9}"
EndProject
Project("{FAE04EC0-301F-11D3-BF4B-00C04F79EFBC}") = "Module.OpenGL", "Module.OpenGL\Module.OpenGL.csproj", "{BF7E6A8D-0376-4613-A721-B98D9D7CB84F}"
EndProject
Project("{FAE04EC0-301F-11D3-BF4B-00C04F79EFBC}") = "SampleGame.IOSAndMacCatalyst", "SampleGame.IOSAndMacCatalyst\SampleGame.IOSAndMacCatalyst.csproj", "{D83F5620-A2FB-49B0-90F4-E71DC2A691F4}"
EndProject
Project("{FAE04EC0-301F-11D3-BF4B-00C04F79EFBC}") = "SampleGame.Desktop-Editor", "SampleGame.Desktop-Editor\SampleGame.Desktop-Editor.csproj", "{942480AB-0B5B-4D3D-A8F8-8FA182499322}"
EndProject
Project("{2150E333-8FDC-42A3-9474-1A3956D46DE8}") = "Testing", "Testing", "{3FDAD63D-4DD3-48FC-8288-CF75BBA22404}"
EndProject
Project("{FAE04EC0-301F-11D3-BF4B-00C04F79EFBC}") = "RPG.EngineTesting", "RPG.EngineTesting\RPG.EngineTesting.csproj", "{D6BCEF5A-FABC-48C0-A21A-DF14072456BD}"
EndProject
Project("{FAE04EC0-301F-11D3-BF4B-00C04F79EFBC}") = "DoubleTap.Project", "..\RPG-ProjectDoubleTap\DoubleTap.Project\DoubleTap.Project.csproj", "{9EAAF3DE-27A7-4B61-8062-3F3D50A406E2}"
EndProject
Project("{2150E333-8FDC-42A3-9474-1A3956D46DE8}") = "Project_SampleGame", "Project_SampleGame", "{F1F2A03C-7731-44E5-9203-6A16385B458A}"
EndProject
Project("{2150E333-8FDC-42A3-9474-1A3956D46DE8}") = "Project_DoubleTap", "Project_DoubleTap", "{507AF569-6C9A-4B69-B001-18C93B303A51}"
EndProject
Project("{FAE04EC0-301F-11D3-BF4B-00C04F79EFBC}") = "DoubleTap.Desktop", "..\RPG-ProjectDoubleTap\DoubleTap.Desktop\DoubleTap.Desktop.csproj", "{FDE54EEB-606E-4C56-91E1-18F919C01C9D}"
EndProject
Project("{FAE04EC0-301F-11D3-BF4B-00C04F79EFBC}") = "DoubleTap.Desktop-Editor", "..\RPG-ProjectDoubleTap\DoubleTap.Desktop-Editor\DoubleTap.Desktop-Editor.csproj", "{AAF06F97-3FDC-4556-BE4E-C85590AA5447}"
EndProject
Global
	GlobalSection(SolutionConfigurationPlatforms) = preSolution
		Debug|Any CPU = Debug|Any CPU
		Release|Any CPU = Release|Any CPU
	EndGlobalSection
	GlobalSection(ProjectConfigurationPlatforms) = postSolution
		{B58E900E-6D75-4932-9C90-533E63672CD3}.Debug|Any CPU.ActiveCfg = Debug|Any CPU
		{B58E900E-6D75-4932-9C90-533E63672CD3}.Debug|Any CPU.Build.0 = Debug|Any CPU
		{B58E900E-6D75-4932-9C90-533E63672CD3}.Release|Any CPU.ActiveCfg = Release|Any CPU
		{B58E900E-6D75-4932-9C90-533E63672CD3}.Release|Any CPU.Build.0 = Release|Any CPU
		{24EFB7D7-584A-4825-9428-7377F2F48DC9}.Debug|Any CPU.ActiveCfg = Debug|Any CPU
		{24EFB7D7-584A-4825-9428-7377F2F48DC9}.Debug|Any CPU.Build.0 = Debug|Any CPU
		{24EFB7D7-584A-4825-9428-7377F2F48DC9}.Release|Any CPU.ActiveCfg = Release|Any CPU
		{24EFB7D7-584A-4825-9428-7377F2F48DC9}.Release|Any CPU.Build.0 = Release|Any CPU
		{8567C9D4-4A7D-49D5-AC9C-835612E7FD8C}.Debug|Any CPU.ActiveCfg = Debug|Any CPU
		{8567C9D4-4A7D-49D5-AC9C-835612E7FD8C}.Debug|Any CPU.Build.0 = Debug|Any CPU
		{8567C9D4-4A7D-49D5-AC9C-835612E7FD8C}.Release|Any CPU.ActiveCfg = Release|Any CPU
		{8567C9D4-4A7D-49D5-AC9C-835612E7FD8C}.Release|Any CPU.Build.0 = Release|Any CPU
		{0A52734D-F5DC-40A1-936E-A0DD976A85FD}.Debug|Any CPU.ActiveCfg = Debug|Any CPU
		{0A52734D-F5DC-40A1-936E-A0DD976A85FD}.Debug|Any CPU.Build.0 = Debug|Any CPU
		{0A52734D-F5DC-40A1-936E-A0DD976A85FD}.Release|Any CPU.ActiveCfg = Release|Any CPU
		{0A52734D-F5DC-40A1-936E-A0DD976A85FD}.Release|Any CPU.Build.0 = Release|Any CPU
		{883838F5-32C6-4352-95D8-90C6019DED59}.Debug|Any CPU.ActiveCfg = Debug|Any CPU
		{883838F5-32C6-4352-95D8-90C6019DED59}.Debug|Any CPU.Build.0 = Debug|Any CPU
		{883838F5-32C6-4352-95D8-90C6019DED59}.Release|Any CPU.ActiveCfg = Release|Any CPU
		{883838F5-32C6-4352-95D8-90C6019DED59}.Release|Any CPU.Build.0 = Release|Any CPU
		{AF986368-DAB6-4559-AC28-9F575BD83AF9}.Debug|Any CPU.ActiveCfg = Debug|Any CPU
		{AF986368-DAB6-4559-AC28-9F575BD83AF9}.Debug|Any CPU.Build.0 = Debug|Any CPU
		{AF986368-DAB6-4559-AC28-9F575BD83AF9}.Release|Any CPU.ActiveCfg = Release|Any CPU
		{AF986368-DAB6-4559-AC28-9F575BD83AF9}.Release|Any CPU.Build.0 = Release|Any CPU
		{BF7E6A8D-0376-4613-A721-B98D9D7CB84F}.Debug|Any CPU.ActiveCfg = Debug|Any CPU
		{BF7E6A8D-0376-4613-A721-B98D9D7CB84F}.Debug|Any CPU.Build.0 = Debug|Any CPU
		{BF7E6A8D-0376-4613-A721-B98D9D7CB84F}.Release|Any CPU.ActiveCfg = Release|Any CPU
		{BF7E6A8D-0376-4613-A721-B98D9D7CB84F}.Release|Any CPU.Build.0 = Release|Any CPU
		{D83F5620-A2FB-49B0-90F4-E71DC2A691F4}.Debug|Any CPU.ActiveCfg = Debug|Any CPU
		{D83F5620-A2FB-49B0-90F4-E71DC2A691F4}.Debug|Any CPU.Build.0 = Debug|Any CPU
		{D83F5620-A2FB-49B0-90F4-E71DC2A691F4}.Release|Any CPU.ActiveCfg = Release|Any CPU
		{D83F5620-A2FB-49B0-90F4-E71DC2A691F4}.Release|Any CPU.Build.0 = Release|Any CPU
		{942480AB-0B5B-4D3D-A8F8-8FA182499322}.Debug|Any CPU.ActiveCfg = Debug|Any CPU
		{942480AB-0B5B-4D3D-A8F8-8FA182499322}.Debug|Any CPU.Build.0 = Debug|Any CPU
		{942480AB-0B5B-4D3D-A8F8-8FA182499322}.Release|Any CPU.ActiveCfg = Release|Any CPU
		{942480AB-0B5B-4D3D-A8F8-8FA182499322}.Release|Any CPU.Build.0 = Release|Any CPU
		{D6BCEF5A-FABC-48C0-A21A-DF14072456BD}.Debug|Any CPU.ActiveCfg = Debug|Any CPU
		{D6BCEF5A-FABC-48C0-A21A-DF14072456BD}.Debug|Any CPU.Build.0 = Debug|Any CPU
		{D6BCEF5A-FABC-48C0-A21A-DF14072456BD}.Release|Any CPU.ActiveCfg = Release|Any CPU
		{D6BCEF5A-FABC-48C0-A21A-DF14072456BD}.Release|Any CPU.Build.0 = Release|Any CPU
		{9EAAF3DE-27A7-4B61-8062-3F3D50A406E2}.Debug|Any CPU.ActiveCfg = Debug|Any CPU
		{9EAAF3DE-27A7-4B61-8062-3F3D50A406E2}.Debug|Any CPU.Build.0 = Debug|Any CPU
		{9EAAF3DE-27A7-4B61-8062-3F3D50A406E2}.Release|Any CPU.ActiveCfg = Release|Any CPU
		{9EAAF3DE-27A7-4B61-8062-3F3D50A406E2}.Release|Any CPU.Build.0 = Release|Any CPU
		{FDE54EEB-606E-4C56-91E1-18F919C01C9D}.Debug|Any CPU.ActiveCfg = Debug|Any CPU
		{FDE54EEB-606E-4C56-91E1-18F919C01C9D}.Debug|Any CPU.Build.0 = Debug|Any CPU
		{FDE54EEB-606E-4C56-91E1-18F919C01C9D}.Release|Any CPU.ActiveCfg = Release|Any CPU
		{FDE54EEB-606E-4C56-91E1-18F919C01C9D}.Release|Any CPU.Build.0 = Release|Any CPU
		{AAF06F97-3FDC-4556-BE4E-C85590AA5447}.Debug|Any CPU.ActiveCfg = Debug|Any CPU
		{AAF06F97-3FDC-4556-BE4E-C85590AA5447}.Debug|Any CPU.Build.0 = Debug|Any CPU
		{AAF06F97-3FDC-4556-BE4E-C85590AA5447}.Release|Any CPU.ActiveCfg = Release|Any CPU
		{AAF06F97-3FDC-4556-BE4E-C85590AA5447}.Release|Any CPU.Build.0 = Release|Any CPU
	EndGlobalSection
	GlobalSection(NestedProjects) = preSolution
		{B58E900E-6D75-4932-9C90-533E63672CD3} = {0F416AD7-BD09-4D9C-B49E-8D4452968305}
		{0A52734D-F5DC-40A1-936E-A0DD976A85FD} = {5BDBAB38-3CC6-4422-8A0D-AE5DDE99F647}
		{AF986368-DAB6-4559-AC28-9F575BD83AF9} = {42B99D8A-5F8A-4BD7-AB8A-AB18DD4FE624}
		{BF7E6A8D-0376-4613-A721-B98D9D7CB84F} = {42B99D8A-5F8A-4BD7-AB8A-AB18DD4FE624}
		{D6BCEF5A-FABC-48C0-A21A-DF14072456BD} = {3FDAD63D-4DD3-48FC-8288-CF75BBA22404}
		{883838F5-32C6-4352-95D8-90C6019DED59} = {F1F2A03C-7731-44E5-9203-6A16385B458A}
		{9EAAF3DE-27A7-4B61-8062-3F3D50A406E2} = {507AF569-6C9A-4B69-B001-18C93B303A51}
		{8567C9D4-4A7D-49D5-AC9C-835612E7FD8C} = {F1F2A03C-7731-44E5-9203-6A16385B458A}
		{24EFB7D7-584A-4825-9428-7377F2F48DC9} = {F1F2A03C-7731-44E5-9203-6A16385B458A}
		{942480AB-0B5B-4D3D-A8F8-8FA182499322} = {F1F2A03C-7731-44E5-9203-6A16385B458A}
		{D83F5620-A2FB-49B0-90F4-E71DC2A691F4} = {F1F2A03C-7731-44E5-9203-6A16385B458A}
		{FDE54EEB-606E-4C56-91E1-18F919C01C9D} = {507AF569-6C9A-4B69-B001-18C93B303A51}
		{AAF06F97-3FDC-4556-BE4E-C85590AA5447} = {507AF569-6C9A-4B69-B001-18C93B303A51}
	EndGlobalSection
EndGlobal
